// !$*UTF8*$!
{
	archiveVersion = 1;
	classes = {
	};
	objectVersion = 56;
	objects = {

/* Begin PBXBuildFile section */
		9DD6433D2C54FF4700CF4FBF /* BluetoothFinderApp.swift in Sources */ = {isa = PBXBuildFile; fileRef = 9DD6433C2C54FF4700CF4FBF /* BluetoothFinderApp.swift */; };
		9DD6433F2C54FF4700CF4FBF /* ContentView.swift in Sources */ = {isa = PBXBuildFile; fileRef = 9DD6433E2C54FF4700CF4FBF /* ContentView.swift */; };
		9DD643412C54FF4800CF4FBF /* Assets.xcassets in Resources */ = {isa = PBXBuildFile; fileRef = 9DD643402C54FF4800CF4FBF /* Assets.xcassets */; };
		9DD643442C54FF4800CF4FBF /* Preview Assets.xcassets in Resources */ = {isa = PBXBuildFile; fileRef = 9DD643432C54FF4800CF4FBF /* Preview Assets.xcassets */; };
		9DD643512C5517C900CF4FBF /* BluetoothDevice.swift in Sources */ = {isa = PBXBuildFile; fileRef = 9DD643502C5517C900CF4FBF /* BluetoothDevice.swift */; };
		9DD643532C55189300CF4FBF /* DeviceListViewModel.swift in Sources */ = {isa = PBXBuildFile; fileRef = 9DD643522C55189300CF4FBF /* DeviceListViewModel.swift */; };
		9DD643552C551AC600CF4FBF /* DeviceListView.swift in Sources */ = {isa = PBXBuildFile; fileRef = 9DD643542C551AC600CF4FBF /* DeviceListView.swift */; };
		9DD643572C551F5500CF4FBF /* BluetoothManager.swift in Sources */ = {isa = PBXBuildFile; fileRef = 9DD643562C551F5500CF4FBF /* BluetoothManager.swift */; };
		9DD6435C2C55313700CF4FBF /* DeviceLocationView.swift in Sources */ = {isa = PBXBuildFile; fileRef = 9DD6435B2C55313700CF4FBF /* DeviceLocationView.swift */; };
/* End PBXBuildFile section */

/* Begin PBXFileReference section */
		9DD643392C54FF4700CF4FBF /* BluetoothFinder.app */ = {isa = PBXFileReference; explicitFileType = wrapper.application; includeInIndex = 0; path = BluetoothFinder.app; sourceTree = BUILT_PRODUCTS_DIR; };
		9DD6433C2C54FF4700CF4FBF /* BluetoothFinderApp.swift */ = {isa = PBXFileReference; lastKnownFileType = sourcecode.swift; path = BluetoothFinderApp.swift; sourceTree = "<group>"; };
		9DD6433E2C54FF4700CF4FBF /* ContentView.swift */ = {isa = PBXFileReference; lastKnownFileType = sourcecode.swift; path = ContentView.swift; sourceTree = "<group>"; };
		9DD643402C54FF4800CF4FBF /* Assets.xcassets */ = {isa = PBXFileReference; lastKnownFileType = folder.assetcatalog; path = Assets.xcassets; sourceTree = "<group>"; };
		9DD643432C54FF4800CF4FBF /* Preview Assets.xcassets */ = {isa = PBXFileReference; lastKnownFileType = folder.assetcatalog; path = "Preview Assets.xcassets"; sourceTree = "<group>"; };
		9DD643502C5517C900CF4FBF /* BluetoothDevice.swift */ = {isa = PBXFileReference; lastKnownFileType = sourcecode.swift; path = BluetoothDevice.swift; sourceTree = "<group>"; };
		9DD643522C55189300CF4FBF /* DeviceListViewModel.swift */ = {isa = PBXFileReference; lastKnownFileType = sourcecode.swift; path = DeviceListViewModel.swift; sourceTree = "<group>"; };
		9DD643542C551AC600CF4FBF /* DeviceListView.swift */ = {isa = PBXFileReference; lastKnownFileType = sourcecode.swift; path = DeviceListView.swift; sourceTree = "<group>"; };
		9DD643562C551F5500CF4FBF /* BluetoothManager.swift */ = {isa = PBXFileReference; lastKnownFileType = sourcecode.swift; path = BluetoothManager.swift; sourceTree = "<group>"; };
		9DD6435B2C55313700CF4FBF /* DeviceLocationView.swift */ = {isa = PBXFileReference; lastKnownFileType = sourcecode.swift; path = DeviceLocationView.swift; sourceTree = "<group>"; };
/* End PBXFileReference section */

/* Begin PBXFrameworksBuildPhase section */
		9DD643362C54FF4700CF4FBF /* Frameworks */ = {
			isa = PBXFrameworksBuildPhase;
			buildActionMask = 2147483647;
			files = (
			);
			runOnlyForDeploymentPostprocessing = 0;
		};
/* End PBXFrameworksBuildPhase section */

/* Begin PBXGroup section */
		9DD643302C54FF4700CF4FBF = {
			isa = PBXGroup;
			children = (
				9DD6433B2C54FF4700CF4FBF /* BluetoothFinder */,
				9DD6433A2C54FF4700CF4FBF /* Products */,
			);
			sourceTree = "<group>";
		};
		9DD6433A2C54FF4700CF4FBF /* Products */ = {
			isa = PBXGroup;
			children = (
				9DD643392C54FF4700CF4FBF /* BluetoothFinder.app */,
			);
			name = Products;
			sourceTree = "<group>";
		};
		9DD6433B2C54FF4700CF4FBF /* BluetoothFinder */ = {
			isa = PBXGroup;
			children = (
				9DD6434E2C55084600CF4FBF /* Application */,
				9DD6434A2C5507D600CF4FBF /* Models */,
				9DD6434C2C5507F000CF4FBF /* Views */,
				9DD6434B2C5507DF00CF4FBF /* ViewModels */,
				9DD6434D2C55080700CF4FBF /* Services */,
				9DD6434F2C55087600CF4FBF /* Resources */,
				9DD643422C54FF4800CF4FBF /* Preview Content */,
			);
			path = BluetoothFinder;
			sourceTree = "<group>";
		};
		9DD643422C54FF4800CF4FBF /* Preview Content */ = {
			isa = PBXGroup;
			children = (
				9DD643432C54FF4800CF4FBF /* Preview Assets.xcassets */,
			);
			path = "Preview Content";
			sourceTree = "<group>";
		};
		9DD6434A2C5507D600CF4FBF /* Models */ = {
			isa = PBXGroup;
			children = (
				9DD643502C5517C900CF4FBF /* BluetoothDevice.swift */,
			);
			path = Models;
			sourceTree = "<group>";
		};
		9DD6434B2C5507DF00CF4FBF /* ViewModels */ = {
			isa = PBXGroup;
			children = (
				9DD643522C55189300CF4FBF /* DeviceListViewModel.swift */,
			);
			path = ViewModels;
			sourceTree = "<group>";
		};
		9DD6434C2C5507F000CF4FBF /* Views */ = {
			isa = PBXGroup;
			children = (
				9DD6433E2C54FF4700CF4FBF /* ContentView.swift */,
				9DD643542C551AC600CF4FBF /* DeviceListView.swift */,
				9DD6435B2C55313700CF4FBF /* DeviceLocationView.swift */,
			);
			path = Views;
			sourceTree = "<group>";
		};
		9DD6434D2C55080700CF4FBF /* Services */ = {
			isa = PBXGroup;
			children = (
				9DD643562C551F5500CF4FBF /* BluetoothManager.swift */,
			);
			path = Services;
			sourceTree = "<group>";
		};
		9DD6434E2C55084600CF4FBF /* Application */ = {
			isa = PBXGroup;
			children = (
				9DD6433C2C54FF4700CF4FBF /* BluetoothFinderApp.swift */,
			);
			path = Application;
			sourceTree = "<group>";
		};
		9DD6434F2C55087600CF4FBF /* Resources */ = {
			isa = PBXGroup;
			children = (
				9DD643402C54FF4800CF4FBF /* Assets.xcassets */,
			);
			path = Resources;
			sourceTree = "<group>";
		};
/* End PBXGroup section */

/* Begin PBXNativeTarget section */
		9DD643382C54FF4700CF4FBF /* BluetoothFinder */ = {
			isa = PBXNativeTarget;
			buildConfigurationList = 9DD643472C54FF4800CF4FBF /* Build configuration list for PBXNativeTarget "BluetoothFinder" */;
			buildPhases = (
				9DD643352C54FF4700CF4FBF /* Sources */,
				9DD643362C54FF4700CF4FBF /* Frameworks */,
				9DD643372C54FF4700CF4FBF /* Resources */,
			);
			buildRules = (
			);
			dependencies = (
			);
			name = BluetoothFinder;
			productName = BluetoothFinder;
			productReference = 9DD643392C54FF4700CF4FBF /* BluetoothFinder.app */;
			productType = "com.apple.product-type.application";
		};
/* End PBXNativeTarget section */

/* Begin PBXProject section */
		9DD643312C54FF4700CF4FBF /* Project object */ = {
			isa = PBXProject;
			attributes = {
				BuildIndependentTargetsInParallel = 1;
				LastSwiftUpdateCheck = 1540;
				LastUpgradeCheck = 1540;
				TargetAttributes = {
					9DD643382C54FF4700CF4FBF = {
						CreatedOnToolsVersion = 15.4;
					};
				};
			};
			buildConfigurationList = 9DD643342C54FF4700CF4FBF /* Build configuration list for PBXProject "BluetoothFinder" */;
			compatibilityVersion = "Xcode 14.0";
			developmentRegion = en;
			hasScannedForEncodings = 0;
			knownRegions = (
				en,
				Base,
			);
			mainGroup = 9DD643302C54FF4700CF4FBF;
			productRefGroup = 9DD6433A2C54FF4700CF4FBF /* Products */;
			projectDirPath = "";
			projectRoot = "";
			targets = (
				9DD643382C54FF4700CF4FBF /* BluetoothFinder */,
			);
		};
/* End PBXProject section */

/* Begin PBXResourcesBuildPhase section */
		9DD643372C54FF4700CF4FBF /* Resources */ = {
			isa = PBXResourcesBuildPhase;
			buildActionMask = 2147483647;
			files = (
				9DD643442C54FF4800CF4FBF /* Preview Assets.xcassets in Resources */,
				9DD643412C54FF4800CF4FBF /* Assets.xcassets in Resources */,
			);
			runOnlyForDeploymentPostprocessing = 0;
		};
/* End PBXResourcesBuildPhase section */

/* Begin PBXSourcesBuildPhase section */
		9DD643352C54FF4700CF4FBF /* Sources */ = {
			isa = PBXSourcesBuildPhase;
			buildActionMask = 2147483647;
			files = (
				9DD643532C55189300CF4FBF /* DeviceListViewModel.swift in Sources */,
				9DD6435C2C55313700CF4FBF /* DeviceLocationView.swift in Sources */,
				9DD643512C5517C900CF4FBF /* BluetoothDevice.swift in Sources */,
				9DD643552C551AC600CF4FBF /* DeviceListView.swift in Sources */,
				9DD6433F2C54FF4700CF4FBF /* ContentView.swift in Sources */,
				9DD643572C551F5500CF4FBF /* BluetoothManager.swift in Sources */,
				9DD6433D2C54FF4700CF4FBF /* BluetoothFinderApp.swift in Sources */,
			);
			runOnlyForDeploymentPostprocessing = 0;
		};
/* End PBXSourcesBuildPhase section */

/* Begin XCBuildConfiguration section */
		9DD643452C54FF4800CF4FBF /* Debug */ = {
			isa = XCBuildConfiguration;
			buildSettings = {
				ALWAYS_SEARCH_USER_PATHS = NO;
				ASSETCATALOG_COMPILER_GENERATE_SWIFT_ASSET_SYMBOL_EXTENSIONS = YES;
				CLANG_ANALYZER_NONNULL = YES;
				CLANG_ANALYZER_NUMBER_OBJECT_CONVERSION = YES_AGGRESSIVE;
				CLANG_CXX_LANGUAGE_STANDARD = "gnu++20";
				CLANG_ENABLE_MODULES = YES;
				CLANG_ENABLE_OBJC_ARC = YES;
				CLANG_ENABLE_OBJC_WEAK = YES;
				CLANG_WARN_BLOCK_CAPTURE_AUTORELEASING = YES;
				CLANG_WARN_BOOL_CONVERSION = YES;
				CLANG_WARN_COMMA = YES;
				CLANG_WARN_CONSTANT_CONVERSION = YES;
				CLANG_WARN_DEPRECATED_OBJC_IMPLEMENTATIONS = YES;
				CLANG_WARN_DIRECT_OBJC_ISA_USAGE = YES_ERROR;
				CLANG_WARN_DOCUMENTATION_COMMENTS = YES;
				CLANG_WARN_EMPTY_BODY = YES;
				CLANG_WARN_ENUM_CONVERSION = YES;
				CLANG_WARN_INFINITE_RECURSION = YES;
				CLANG_WARN_INT_CONVERSION = YES;
				CLANG_WARN_NON_LITERAL_NULL_CONVERSION = YES;
				CLANG_WARN_OBJC_IMPLICIT_RETAIN_SELF = YES;
				CLANG_WARN_OBJC_LITERAL_CONVERSION = YES;
				CLANG_WARN_OBJC_ROOT_CLASS = YES_ERROR;
				CLANG_WARN_QUOTED_INCLUDE_IN_FRAMEWORK_HEADER = YES;
				CLANG_WARN_RANGE_LOOP_ANALYSIS = YES;
				CLANG_WARN_STRICT_PROTOTYPES = YES;
				CLANG_WARN_SUSPICIOUS_MOVE = YES;
				CLANG_WARN_UNGUARDED_AVAILABILITY = YES_AGGRESSIVE;
				CLANG_WARN_UNREACHABLE_CODE = YES;
				CLANG_WARN__DUPLICATE_METHOD_MATCH = YES;
				COPY_PHASE_STRIP = NO;
				DEBUG_INFORMATION_FORMAT = dwarf;
				ENABLE_STRICT_OBJC_MSGSEND = YES;
				ENABLE_TESTABILITY = YES;
				ENABLE_USER_SCRIPT_SANDBOXING = YES;
				GCC_C_LANGUAGE_STANDARD = gnu17;
				GCC_DYNAMIC_NO_PIC = NO;
				GCC_NO_COMMON_BLOCKS = YES;
				GCC_OPTIMIZATION_LEVEL = 0;
				GCC_PREPROCESSOR_DEFINITIONS = (
					"DEBUG=1",
					"$(inherited)",
				);
				GCC_WARN_64_TO_32_BIT_CONVERSION = YES;
				GCC_WARN_ABOUT_RETURN_TYPE = YES_ERROR;
				GCC_WARN_UNDECLARED_SELECTOR = YES;
				GCC_WARN_UNINITIALIZED_AUTOS = YES_AGGRESSIVE;
				GCC_WARN_UNUSED_FUNCTION = YES;
				GCC_WARN_UNUSED_VARIABLE = YES;
				IPHONEOS_DEPLOYMENT_TARGET = 17.5;
				LOCALIZATION_PREFERS_STRING_CATALOGS = YES;
				MTL_ENABLE_DEBUG_INFO = INCLUDE_SOURCE;
				MTL_FAST_MATH = YES;
				ONLY_ACTIVE_ARCH = YES;
				SDKROOT = iphoneos;
				SWIFT_ACTIVE_COMPILATION_CONDITIONS = "DEBUG $(inherited)";
				SWIFT_OPTIMIZATION_LEVEL = "-Onone";
			};
			name = Debug;
		};
		9DD643462C54FF4800CF4FBF /* Release */ = {
			isa = XCBuildConfiguration;
			buildSettings = {
				ALWAYS_SEARCH_USER_PATHS = NO;
				ASSETCATALOG_COMPILER_GENERATE_SWIFT_ASSET_SYMBOL_EXTENSIONS = YES;
				CLANG_ANALYZER_NONNULL = YES;
				CLANG_ANALYZER_NUMBER_OBJECT_CONVERSION = YES_AGGRESSIVE;
				CLANG_CXX_LANGUAGE_STANDARD = "gnu++20";
				CLANG_ENABLE_MODULES = YES;
				CLANG_ENABLE_OBJC_ARC = YES;
				CLANG_ENABLE_OBJC_WEAK = YES;
				CLANG_WARN_BLOCK_CAPTURE_AUTORELEASING = YES;
				CLANG_WARN_BOOL_CONVERSION = YES;
				CLANG_WARN_COMMA = YES;
				CLANG_WARN_CONSTANT_CONVERSION = YES;
				CLANG_WARN_DEPRECATED_OBJC_IMPLEMENTATIONS = YES;
				CLANG_WARN_DIRECT_OBJC_ISA_USAGE = YES_ERROR;
				CLANG_WARN_DOCUMENTATION_COMMENTS = YES;
				CLANG_WARN_EMPTY_BODY = YES;
				CLANG_WARN_ENUM_CONVERSION = YES;
				CLANG_WARN_INFINITE_RECURSION = YES;
				CLANG_WARN_INT_CONVERSION = YES;
				CLANG_WARN_NON_LITERAL_NULL_CONVERSION = YES;
				CLANG_WARN_OBJC_IMPLICIT_RETAIN_SELF = YES;
				CLANG_WARN_OBJC_LITERAL_CONVERSION = YES;
				CLANG_WARN_OBJC_ROOT_CLASS = YES_ERROR;
				CLANG_WARN_QUOTED_INCLUDE_IN_FRAMEWORK_HEADER = YES;
				CLANG_WARN_RANGE_LOOP_ANALYSIS = YES;
				CLANG_WARN_STRICT_PROTOTYPES = YES;
				CLANG_WARN_SUSPICIOUS_MOVE = YES;
				CLANG_WARN_UNGUARDED_AVAILABILITY = YES_AGGRESSIVE;
				CLANG_WARN_UNREACHABLE_CODE = YES;
				CLANG_WARN__DUPLICATE_METHOD_MATCH = YES;
				COPY_PHASE_STRIP = NO;
				DEBUG_INFORMATION_FORMAT = "dwarf-with-dsym";
				ENABLE_NS_ASSERTIONS = NO;
				ENABLE_STRICT_OBJC_MSGSEND = YES;
				ENABLE_USER_SCRIPT_SANDBOXING = YES;
				GCC_C_LANGUAGE_STANDARD = gnu17;
				GCC_NO_COMMON_BLOCKS = YES;
				GCC_WARN_64_TO_32_BIT_CONVERSION = YES;
				GCC_WARN_ABOUT_RETURN_TYPE = YES_ERROR;
				GCC_WARN_UNDECLARED_SELECTOR = YES;
				GCC_WARN_UNINITIALIZED_AUTOS = YES_AGGRESSIVE;
				GCC_WARN_UNUSED_FUNCTION = YES;
				GCC_WARN_UNUSED_VARIABLE = YES;
				IPHONEOS_DEPLOYMENT_TARGET = 17.5;
				LOCALIZATION_PREFERS_STRING_CATALOGS = YES;
				MTL_ENABLE_DEBUG_INFO = NO;
				MTL_FAST_MATH = YES;
				SDKROOT = iphoneos;
				SWIFT_COMPILATION_MODE = wholemodule;
				VALIDATE_PRODUCT = YES;
			};
			name = Release;
		};
		9DD643482C54FF4800CF4FBF /* Debug */ = {
			isa = XCBuildConfiguration;
			buildSettings = {
				ASSETCATALOG_COMPILER_APPICON_NAME = AppIcon;
				ASSETCATALOG_COMPILER_GLOBAL_ACCENT_COLOR_NAME = AccentColor;
				CODE_SIGN_STYLE = Automatic;
				CURRENT_PROJECT_VERSION = 1;
				DEVELOPMENT_ASSET_PATHS = "\"BluetoothFinder/Preview Content\"";
				DEVELOPMENT_TEAM = 42VHV36Q58;
				ENABLE_PREVIEWS = YES;
				GENERATE_INFOPLIST_FILE = YES;
				INFOPLIST_KEY_NSBluetoothAlwaysUsageDescription = "Our app needs to stay connected to Bluetooth devices to ensure continuous device tracking and provide real-time updates on device status.";
				INFOPLIST_KEY_NSBluetoothPeripheralUsageDescription = "Our app uses Bluetooth to connect with nearby devices.";
				INFOPLIST_KEY_UIApplicationSceneManifest_Generation = YES;
				INFOPLIST_KEY_UIApplicationSupportsIndirectInputEvents = YES;
				INFOPLIST_KEY_UILaunchScreen_Generation = YES;
				INFOPLIST_KEY_UISupportedInterfaceOrientations_iPad = "UIInterfaceOrientationPortrait UIInterfaceOrientationPortraitUpsideDown UIInterfaceOrientationLandscapeLeft UIInterfaceOrientationLandscapeRight";
				INFOPLIST_KEY_UISupportedInterfaceOrientations_iPhone = "UIInterfaceOrientationPortrait UIInterfaceOrientationLandscapeLeft UIInterfaceOrientationLandscapeRight";
				LD_RUNPATH_SEARCH_PATHS = (
					"$(inherited)",
					"@executable_path/Frameworks",
				);
				MARKETING_VERSION = 1.0;
				PRODUCT_BUNDLE_IDENTIFIER = com.christopherendress.BluetoothFinder;
				PRODUCT_NAME = "$(TARGET_NAME)";
				SUPPORTED_PLATFORMS = "iphoneos iphonesimulator";
				SUPPORTS_MACCATALYST = NO;
				SUPPORTS_MAC_DESIGNED_FOR_IPHONE_IPAD = NO;
				SUPPORTS_XR_DESIGNED_FOR_IPHONE_IPAD = NO;
				SWIFT_EMIT_LOC_STRINGS = YES;
				SWIFT_VERSION = 5.0;
				TARGETED_DEVICE_FAMILY = 1;
			};
			name = Debug;
		};
		9DD643492C54FF4800CF4FBF /* Release */ = {
			isa = XCBuildConfiguration;
			buildSettings = {
				ASSETCATALOG_COMPILER_APPICON_NAME = AppIcon;
				ASSETCATALOG_COMPILER_GLOBAL_ACCENT_COLOR_NAME = AccentColor;
				CODE_SIGN_STYLE = Automatic;
				CURRENT_PROJECT_VERSION = 1;
				DEVELOPMENT_ASSET_PATHS = "\"BluetoothFinder/Preview Content\"";
				DEVELOPMENT_TEAM = 42VHV36Q58;
				ENABLE_PREVIEWS = YES;
				GENERATE_INFOPLIST_FILE = YES;
				INFOPLIST_KEY_NSBluetoothAlwaysUsageDescription = "Our app needs to stay connected to Bluetooth devices to ensure continuous device tracking and provide real-time updates on device status.";
				INFOPLIST_KEY_NSBluetoothPeripheralUsageDescription = "Our app uses Bluetooth to connect with nearby devices.";
				INFOPLIST_KEY_UIApplicationSceneManifest_Generation = YES;
				INFOPLIST_KEY_UIApplicationSupportsIndirectInputEvents = YES;
				INFOPLIST_KEY_UILaunchScreen_Generation = YES;
				INFOPLIST_KEY_UISupportedInterfaceOrientations_iPad = "UIInterfaceOrientationPortrait UIInterfaceOrientationPortraitUpsideDown UIInterfaceOrientationLandscapeLeft UIInterfaceOrientationLandscapeRight";
				INFOPLIST_KEY_UISupportedInterfaceOrientations_iPhone = "UIInterfaceOrientationPortrait UIInterfaceOrientationLandscapeLeft UIInterfaceOrientationLandscapeRight";
				LD_RUNPATH_SEARCH_PATHS = (
					"$(inherited)",
					"@executable_path/Frameworks",
				);
				MARKETING_VERSION = 1.0;
				PRODUCT_BUNDLE_IDENTIFIER = com.christopherendress.BluetoothFinder;
				PRODUCT_NAME = "$(TARGET_NAME)";
				SUPPORTED_PLATFORMS = "iphoneos iphonesimulator";
				SUPPORTS_MACCATALYST = NO;
				SUPPORTS_MAC_DESIGNED_FOR_IPHONE_IPAD = NO;
				SUPPORTS_XR_DESIGNED_FOR_IPHONE_IPAD = NO;
				SWIFT_EMIT_LOC_STRINGS = YES;
				SWIFT_VERSION = 5.0;
				TARGETED_DEVICE_FAMILY = 1;
			};
			name = Release;
		};
/* End XCBuildConfiguration section */

/* Begin XCConfigurationList section */
		9DD643342C54FF4700CF4FBF /* Build configuration list for PBXProject "BluetoothFinder" */ = {
			isa = XCConfigurationList;
			buildConfigurations = (
				9DD643452C54FF4800CF4FBF /* Debug */,
				9DD643462C54FF4800CF4FBF /* Release */,
			);
			defaultConfigurationIsVisible = 0;
			defaultConfigurationName = Release;
		};
		9DD643472C54FF4800CF4FBF /* Build configuration list for PBXNativeTarget "BluetoothFinder" */ = {
			isa = XCConfigurationList;
			buildConfigurations = (
				9DD643482C54FF4800CF4FBF /* Debug */,
				9DD643492C54FF4800CF4FBF /* Release */,
			);
			defaultConfigurationIsVisible = 0;
			defaultConfigurationName = Release;
		};
/* End XCConfigurationList section */
	};
	rootObject = 9DD643312C54FF4700CF4FBF /* Project object */;
}
